
Microsoft Visual Studio Solution File, Format Version 12.00
# Visual Studio Version 17
VisualStudioVersion = 17.14.36429.23
MinimumVisualStudioVersion = 10.0.40219.1
Project("{FAE04EC0-301F-11D3-BF4B-00C04F79EFBC}") = "KampIntro1", "KampIntro1\KampIntro1.csproj", "{14E9EFCF-7034-4DA9-A489-940B378CF255}"
EndProject
Project("{FAE04EC0-301F-11D3-BF4B-00C04F79EFBC}") = "Donguler", "Donguler\Donguler.csproj", "{151042EE-3C26-4C88-B2BC-F439E35AE998}"
EndProject
Project("{FAE04EC0-301F-11D3-BF4B-00C04F79EFBC}") = "ClassIntro", "ClassIntro\ClassIntro.csproj", "{7003CC94-EB7D-4CA4-A9F2-4EC7CA1FF5ED}"
EndProject
Project("{FAE04EC0-301F-11D3-BF4B-00C04F79EFBC}") = "Methodlar", "Methodlar\Methodlar.csproj", "{3C917B2A-3A92-4366-B469-C1CB020A4539}"
EndProject
Project("{FAE04EC0-301F-11D3-BF4B-00C04F79EFBC}") = "Matematik", "Matematik\Matematik.csproj", "{3AC26DAE-49BA-4697-8763-A310F3E6CCEA}"
EndProject
Project("{FAE04EC0-301F-11D3-BF4B-00C04F79EFBC}") = "DegerVeReferansTipler", "DegerVeReferansTipler\DegerVeReferansTipler.csproj", "{F3D18F29-6E29-453A-99DB-677827E8497C}"
EndProject
Project("{FAE04EC0-301F-11D3-BF4B-00C04F79EFBC}") = "OOP1", "OOP1\OOP1.csproj", "{76DCD9D9-745E-41F9-934D-46F088B0AB51}"
EndProject
Project("{FAE04EC0-301F-11D3-BF4B-00C04F79EFBC}") = "Koleksiyonlar", "Koleksiyonlar\Koleksiyonlar.csproj", "{561591A5-339D-49B5-98A3-1FDFEDC8D0B0}"
EndProject
Project("{FAE04EC0-301F-11D3-BF4B-00C04F79EFBC}") = "GenericsIntro", "GenericsIntro\GenericsIntro.csproj", "{5BA94313-BDFF-40F9-B8A1-F037AB878694}"
EndProject
Project("{FAE04EC0-301F-11D3-BF4B-00C04F79EFBC}") = "OOP2", "OOP2\OOP2.csproj", "{257D64F3-F70E-42C5-86E5-DCD98D961F2A}"
EndProject
Project("{FAE04EC0-301F-11D3-BF4B-00C04F79EFBC}") = "OOP3", "OOP3\OOP3.csproj", "{B6B8F879-F4D2-446E-8E1A-BDFF24798D51}"
EndProject
Project("{FAE04EC0-301F-11D3-BF4B-00C04F79EFBC}") = "GameProject", "GameProject\GameProject.csproj", "{D4279C17-88F1-44F2-AA84-C47555B9EAC1}"
EndProject
Global
	GlobalSection(SolutionConfigurationPlatforms) = preSolution
		Debug|Any CPU = Debug|Any CPU
		Release|Any CPU = Release|Any CPU
	EndGlobalSection
	GlobalSection(ProjectConfigurationPlatforms) = postSolution
		{14E9EFCF-7034-4DA9-A489-940B378CF255}.Debug|Any CPU.ActiveCfg = Debug|Any CPU
		{14E9EFCF-7034-4DA9-A489-940B378CF255}.Debug|Any CPU.Build.0 = Debug|Any CPU
		{14E9EFCF-7034-4DA9-A489-940B378CF255}.Release|Any CPU.ActiveCfg = Release|Any CPU
		{14E9EFCF-7034-4DA9-A489-940B378CF255}.Release|Any CPU.Build.0 = Release|Any CPU
		{151042EE-3C26-4C88-B2BC-F439E35AE998}.Debug|Any CPU.ActiveCfg = Debug|Any CPU
		{151042EE-3C26-4C88-B2BC-F439E35AE998}.Debug|Any CPU.Build.0 = Debug|Any CPU
		{151042EE-3C26-4C88-B2BC-F439E35AE998}.Release|Any CPU.ActiveCfg = Release|Any CPU
		{151042EE-3C26-4C88-B2BC-F439E35AE998}.Release|Any CPU.Build.0 = Release|Any CPU
		{7003CC94-EB7D-4CA4-A9F2-4EC7CA1FF5ED}.Debug|Any CPU.ActiveCfg = Debug|Any CPU
		{7003CC94-EB7D-4CA4-A9F2-4EC7CA1FF5ED}.Debug|Any CPU.Build.0 = Debug|Any CPU
		{7003CC94-EB7D-4CA4-A9F2-4EC7CA1FF5ED}.Release|Any CPU.ActiveCfg = Release|Any CPU
		{7003CC94-EB7D-4CA4-A9F2-4EC7CA1FF5ED}.Release|Any CPU.Build.0 = Release|Any CPU
		{3C917B2A-3A92-4366-B469-C1CB020A4539}.Debug|Any CPU.ActiveCfg = Debug|Any CPU
		{3C917B2A-3A92-4366-B469-C1CB020A4539}.Debug|Any CPU.Build.0 = Debug|Any CPU
		{3C917B2A-3A92-4366-B469-C1CB020A4539}.Release|Any CPU.ActiveCfg = Release|Any CPU
		{3C917B2A-3A92-4366-B469-C1CB020A4539}.Release|Any CPU.Build.0 = Release|Any CPU
		{3AC26DAE-49BA-4697-8763-A310F3E6CCEA}.Debug|Any CPU.ActiveCfg = Debug|Any CPU
		{3AC26DAE-49BA-4697-8763-A310F3E6CCEA}.Debug|Any CPU.Build.0 = Debug|Any CPU
		{3AC26DAE-49BA-4697-8763-A310F3E6CCEA}.Release|Any CPU.ActiveCfg = Release|Any CPU
		{3AC26DAE-49BA-4697-8763-A310F3E6CCEA}.Release|Any CPU.Build.0 = Release|Any CPU
		{F3D18F29-6E29-453A-99DB-677827E8497C}.Debug|Any CPU.ActiveCfg = Debug|Any CPU
		{F3D18F29-6E29-453A-99DB-677827E8497C}.Debug|Any CPU.Build.0 = Debug|Any CPU
		{F3D18F29-6E29-453A-99DB-677827E8497C}.Release|Any CPU.ActiveCfg = Release|Any CPU
		{F3D18F29-6E29-453A-99DB-677827E8497C}.Release|Any CPU.Build.0 = Release|Any CPU
		{76DCD9D9-745E-41F9-934D-46F088B0AB51}.Debug|Any CPU.ActiveCfg = Debug|Any CPU
		{76DCD9D9-745E-41F9-934D-46F088B0AB51}.Debug|Any CPU.Build.0 = Debug|Any CPU
		{76DCD9D9-745E-41F9-934D-46F088B0AB51}.Release|Any CPU.ActiveCfg = Release|Any CPU
		{76DCD9D9-745E-41F9-934D-46F088B0AB51}.Release|Any CPU.Build.0 = Release|Any CPU
		{561591A5-339D-49B5-98A3-1FDFEDC8D0B0}.Debug|Any CPU.ActiveCfg = Debug|Any CPU
		{561591A5-339D-49B5-98A3-1FDFEDC8D0B0}.Debug|Any CPU.Build.0 = Debug|Any CPU
		{561591A5-339D-49B5-98A3-1FDFEDC8D0B0}.Release|Any CPU.ActiveCfg = Release|Any CPU
		{561591A5-339D-49B5-98A3-1FDFEDC8D0B0}.Release|Any CPU.Build.0 = Release|Any CPU
		{5BA94313-BDFF-40F9-B8A1-F037AB878694}.Debug|Any CPU.ActiveCfg = Debug|Any CPU
		{5BA94313-BDFF-40F9-B8A1-F037AB878694}.Debug|Any CPU.Build.0 = Debug|Any CPU
		{5BA94313-BDFF-40F9-B8A1-F037AB878694}.Release|Any CPU.ActiveCfg = Release|Any CPU
		{5BA94313-BDFF-40F9-B8A1-F037AB878694}.Release|Any CPU.Build.0 = Release|Any CPU
		{257D64F3-F70E-42C5-86E5-DCD98D961F2A}.Debug|Any CPU.ActiveCfg = Debug|Any CPU
		{257D64F3-F70E-42C5-86E5-DCD98D961F2A}.Debug|Any CPU.Build.0 = Debug|Any CPU
		{257D64F3-F70E-42C5-86E5-DCD98D961F2A}.Release|Any CPU.ActiveCfg = Release|Any CPU
		{257D64F3-F70E-42C5-86E5-DCD98D961F2A}.Release|Any CPU.Build.0 = Release|Any CPU
		{B6B8F879-F4D2-446E-8E1A-BDFF24798D51}.Debug|Any CPU.ActiveCfg = Debug|Any CPU
		{B6B8F879-F4D2-446E-8E1A-BDFF24798D51}.Debug|Any CPU.Build.0 = Debug|Any CPU
		{B6B8F879-F4D2-446E-8E1A-BDFF24798D51}.Release|Any CPU.ActiveCfg = Release|Any CPU
		{B6B8F879-F4D2-446E-8E1A-BDFF24798D51}.Release|Any CPU.Build.0 = Release|Any CPU
		{D4279C17-88F1-44F2-AA84-C47555B9EAC1}.Debug|Any CPU.ActiveCfg = Debug|Any CPU
		{D4279C17-88F1-44F2-AA84-C47555B9EAC1}.Debug|Any CPU.Build.0 = Debug|Any CPU
		{D4279C17-88F1-44F2-AA84-C47555B9EAC1}.Release|Any CPU.ActiveCfg = Release|Any CPU
		{D4279C17-88F1-44F2-AA84-C47555B9EAC1}.Release|Any CPU.Build.0 = Release|Any CPU
	EndGlobalSection
	GlobalSection(SolutionProperties) = preSolution
		HideSolutionNode = FALSE
	EndGlobalSection
	GlobalSection(ExtensibilityGlobals) = postSolution
		SolutionGuid = {E10B9F0A-1EBD-4D4E-A5EE-E151E8F57A15}
	EndGlobalSection
EndGlobal
